// !$*UTF8*$!
{
	archiveVersion = 1;
	classes = {
	};
	objectVersion = 55;
	objects = {

/* Begin PBXBuildFile section */
		4310A04B2944AC8700222B0F /* login .swift in Sources */ = {isa = PBXBuildFile; fileRef = 4310A04A2944AC8700222B0F /* login .swift */; };
		431BFE722949B71E005B2DA5 /* SearchBar.swift in Sources */ = {isa = PBXBuildFile; fileRef = 431BFE712949B71E005B2DA5 /* SearchBar.swift */; };
		431BFE742949B890005B2DA5 /* Developers.swift in Sources */ = {isa = PBXBuildFile; fileRef = 431BFE732949B890005B2DA5 /* Developers.swift */; };
		43426C562941C7EE00B9B5F0 /* NavBar.swift in Sources */ = {isa = PBXBuildFile; fileRef = 43426C552941C7EE00B9B5F0 /* NavBar.swift */; };
		43C46A2D29406F5900FAE0DD /* Home Page1.swift in Sources */ = {isa = PBXBuildFile; fileRef = 43C46A2C29406F5900FAE0DD /* Home Page1.swift */; };
		C10481AB29406A7D0021DDB2 /* Mine_Project2App.swift in Sources */ = {isa = PBXBuildFile; fileRef = C10481AA29406A7D0021DDB2 /* Mine_Project2App.swift */; };
		C10481AD29406A7D0021DDB2 /* ContentView.swift in Sources */ = {isa = PBXBuildFile; fileRef = C10481AC29406A7D0021DDB2 /* ContentView.swift */; };
		C10481AF29406A7E0021DDB2 /* Assets.xcassets in Resources */ = {isa = PBXBuildFile; fileRef = C10481AE29406A7E0021DDB2 /* Assets.xcassets */; };
		C10481B229406A7E0021DDB2 /* Preview Assets.xcassets in Resources */ = {isa = PBXBuildFile; fileRef = C10481B129406A7E0021DDB2 /* Preview Assets.xcassets */; };
		C10481B929406F5E0021DDB2 /* Selectpage.swift in Sources */ = {isa = PBXBuildFile; fileRef = C10481B829406F5E0021DDB2 /* Selectpage.swift */; };
		C10481BB294077BE0021DDB2 /* TabBar.swift in Sources */ = {isa = PBXBuildFile; fileRef = C10481BA294077BE0021DDB2 /* TabBar.swift */; };
		C10481BD2940791B0021DDB2 /* Sign Up Learner.swift in Sources */ = {isa = PBXBuildFile; fileRef = C10481BC2940791B0021DDB2 /* Sign Up Learner.swift */; };
		C10481C0294081200021DDB2 /* Sign Up Developer.swift in Sources */ = {isa = PBXBuildFile; fileRef = C10481BF294081200021DDB2 /* Sign Up Developer.swift */; };
		C10481C2294081A80021DDB2 /* Sign Up Developer 2.swift in Sources */ = {isa = PBXBuildFile; fileRef = C10481C1294081A80021DDB2 /* Sign Up Developer 2.swift */; };
		C10481C82941C5D50021DDB2 /* NavigationBarColor.swift in Sources */ = {isa = PBXBuildFile; fileRef = C10481C72941C5D50021DDB2 /* NavigationBarColor.swift */; };
/* End PBXBuildFile section */

/* Begin PBXFileReference section */
		4310A04A2944AC8700222B0F /* login .swift */ = {isa = PBXFileReference; lastKnownFileType = sourcecode.swift; path = "login .swift"; sourceTree = "<group>"; };
		431BFE712949B71E005B2DA5 /* SearchBar.swift */ = {isa = PBXFileReference; lastKnownFileType = sourcecode.swift; path = SearchBar.swift; sourceTree = "<group>"; };
		431BFE732949B890005B2DA5 /* Developers.swift */ = {isa = PBXFileReference; lastKnownFileType = sourcecode.swift; path = Developers.swift; sourceTree = "<group>"; };
		43426C552941C7EE00B9B5F0 /* NavBar.swift */ = {isa = PBXFileReference; lastKnownFileType = sourcecode.swift; path = NavBar.swift; sourceTree = "<group>"; };
		43C46A2C29406F5900FAE0DD /* Home Page1.swift */ = {isa = PBXFileReference; lastKnownFileType = sourcecode.swift; path = "Home Page1.swift"; sourceTree = "<group>"; };
		C10481A729406A7D0021DDB2 /* Mine_Project2.app */ = {isa = PBXFileReference; explicitFileType = wrapper.application; includeInIndex = 0; path = Mine_Project2.app; sourceTree = BUILT_PRODUCTS_DIR; };
		C10481AA29406A7D0021DDB2 /* Mine_Project2App.swift */ = {isa = PBXFileReference; lastKnownFileType = sourcecode.swift; path = Mine_Project2App.swift; sourceTree = "<group>"; };
		C10481AC29406A7D0021DDB2 /* ContentView.swift */ = {isa = PBXFileReference; lastKnownFileType = sourcecode.swift; path = ContentView.swift; sourceTree = "<group>"; };
		C10481AE29406A7E0021DDB2 /* Assets.xcassets */ = {isa = PBXFileReference; lastKnownFileType = folder.assetcatalog; path = Assets.xcassets; sourceTree = "<group>"; };
		C10481B129406A7E0021DDB2 /* Preview Assets.xcassets */ = {isa = PBXFileReference; lastKnownFileType = folder.assetcatalog; path = "Preview Assets.xcassets"; sourceTree = "<group>"; };
		C10481B829406F5E0021DDB2 /* Selectpage.swift */ = {isa = PBXFileReference; lastKnownFileType = sourcecode.swift; path = Selectpage.swift; sourceTree = "<group>"; };
		C10481BA294077BE0021DDB2 /* TabBar.swift */ = {isa = PBXFileReference; lastKnownFileType = sourcecode.swift; path = TabBar.swift; sourceTree = "<group>"; };
		C10481BC2940791B0021DDB2 /* Sign Up Learner.swift */ = {isa = PBXFileReference; lastKnownFileType = sourcecode.swift; path = "Sign Up Learner.swift"; sourceTree = "<group>"; };
		C10481BF294081200021DDB2 /* Sign Up Developer.swift */ = {isa = PBXFileReference; lastKnownFileType = sourcecode.swift; path = "Sign Up Developer.swift"; sourceTree = "<group>"; };
		C10481C1294081A80021DDB2 /* Sign Up Developer 2.swift */ = {isa = PBXFileReference; lastKnownFileType = sourcecode.swift; path = "Sign Up Developer 2.swift"; sourceTree = "<group>"; };
		C10481C72941C5D50021DDB2 /* NavigationBarColor.swift */ = {isa = PBXFileReference; fileEncoding = 4; lastKnownFileType = sourcecode.swift; path = NavigationBarColor.swift; sourceTree = "<group>"; };
/* End PBXFileReference section */

/* Begin PBXFrameworksBuildPhase section */
		C10481A429406A7D0021DDB2 /* Frameworks */ = {
			isa = PBXFrameworksBuildPhase;
			buildActionMask = 2147483647;
			files = (
			);
			runOnlyForDeploymentPostprocessing = 0;
		};
/* End PBXFrameworksBuildPhase section */

/* Begin PBXGroup section */
		C104819E29406A7D0021DDB2 = {
			isa = PBXGroup;
			children = (
				431BFE732949B890005B2DA5 /* Developers.swift */,
				431BFE712949B71E005B2DA5 /* SearchBar.swift */,
				4310A04A2944AC8700222B0F /* login .swift */,
				43C46A2C29406F5900FAE0DD /* Home Page1.swift */,
				43426C552941C7EE00B9B5F0 /* NavBar.swift */,
				C10481A929406A7D0021DDB2 /* Mine_Project2 */,
				C10481A829406A7D0021DDB2 /* Products */,
			);
			sourceTree = "<group>";
		};
		C10481A829406A7D0021DDB2 /* Products */ = {
			isa = PBXGroup;
			children = (
				C10481A729406A7D0021DDB2 /* Mine_Project2.app */,
			);
			name = Products;
			sourceTree = "<group>";
		};
		C10481A929406A7D0021DDB2 /* Mine_Project2 */ = {
			isa = PBXGroup;
			children = (
				C10481AA29406A7D0021DDB2 /* Mine_Project2App.swift */,
				C10481AC29406A7D0021DDB2 /* ContentView.swift */,
				C10481C72941C5D50021DDB2 /* NavigationBarColor.swift */,
				C10481AE29406A7E0021DDB2 /* Assets.xcassets */,
				C10481B029406A7E0021DDB2 /* Preview Content */,
				C10481B829406F5E0021DDB2 /* Selectpage.swift */,
				C10481BA294077BE0021DDB2 /* TabBar.swift */,
				C10481BC2940791B0021DDB2 /* Sign Up Learner.swift */,
				C10481BF294081200021DDB2 /* Sign Up Developer.swift */,
				C10481C1294081A80021DDB2 /* Sign Up Developer 2.swift */,
			);
			path = Mine_Project2;
			sourceTree = "<group>";
		};
		C10481B029406A7E0021DDB2 /* Preview Content */ = {
			isa = PBXGroup;
			children = (
				C10481B129406A7E0021DDB2 /* Preview Assets.xcassets */,
			);
			path = "Preview Content";
			sourceTree = "<group>";
		};
/* End PBXGroup section */

/* Begin PBXNativeTarget section */
		C10481A629406A7D0021DDB2 /* Mine_Project2 */ = {
			isa = PBXNativeTarget;
			buildConfigurationList = C10481B529406A7E0021DDB2 /* Build configuration list for PBXNativeTarget "Mine_Project2" */;
			buildPhases = (
				C10481A329406A7D0021DDB2 /* Sources */,
				C10481A429406A7D0021DDB2 /* Frameworks */,
				C10481A529406A7D0021DDB2 /* Resources */,
			);
			buildRules = (
			);
			dependencies = (
			);
			name = Mine_Project2;
			productName = Mine_Project2;
			productReference = C10481A729406A7D0021DDB2 /* Mine_Project2.app */;
			productType = "com.apple.product-type.application";
		};
/* End PBXNativeTarget section */

/* Begin PBXProject section */
		C104819F29406A7D0021DDB2 /* Project object */ = {
			isa = PBXProject;
			attributes = {
				BuildIndependentTargetsInParallel = 1;
				LastSwiftUpdateCheck = 1340;
				LastUpgradeCheck = 1340;
				TargetAttributes = {
					C10481A629406A7D0021DDB2 = {
						CreatedOnToolsVersion = 13.4.1;
					};
				};
			};
			buildConfigurationList = C10481A229406A7D0021DDB2 /* Build configuration list for PBXProject "Mine_Project2" */;
			compatibilityVersion = "Xcode 13.0";
			developmentRegion = en;
			hasScannedForEncodings = 0;
			knownRegions = (
				en,
				Base,
			);
			mainGroup = C104819E29406A7D0021DDB2;
			productRefGroup = C10481A829406A7D0021DDB2 /* Products */;
			projectDirPath = "";
			projectRoot = "";
			targets = (
				C10481A629406A7D0021DDB2 /* Mine_Project2 */,
			);
		};
/* End PBXProject section */

/* Begin PBXResourcesBuildPhase section */
		C10481A529406A7D0021DDB2 /* Resources */ = {
			isa = PBXResourcesBuildPhase;
			buildActionMask = 2147483647;
			files = (
				C10481B229406A7E0021DDB2 /* Preview Assets.xcassets in Resources */,
				C10481AF29406A7E0021DDB2 /* Assets.xcassets in Resources */,
			);
			runOnlyForDeploymentPostprocessing = 0;
		};
/* End PBXResourcesBuildPhase section */

/* Begin PBXSourcesBuildPhase section */
		C10481A329406A7D0021DDB2 /* Sources */ = {
			isa = PBXSourcesBuildPhase;
			buildActionMask = 2147483647;
			files = (
				431BFE742949B890005B2DA5 /* Developers.swift in Sources */,
				43C46A2D29406F5900FAE0DD /* Home Page1.swift in Sources */,
				C10481AD29406A7D0021DDB2 /* ContentView.swift in Sources */,
				43426C562941C7EE00B9B5F0 /* NavBar.swift in Sources */,
				C10481BD2940791B0021DDB2 /* Sign Up Learner.swift in Sources */,
				C10481B929406F5E0021DDB2 /* Selectpage.swift in Sources */,
				C10481C2294081A80021DDB2 /* Sign Up Developer 2.swift in Sources */,
				4310A04B2944AC8700222B0F /* login .swift in Sources */,
				C10481AB29406A7D0021DDB2 /* Mine_Project2App.swift in Sources */,
				C10481C0294081200021DDB2 /* Sign Up Developer.swift in Sources */,
				431BFE722949B71E005B2DA5 /* SearchBar.swift in Sources */,
				C10481BB294077BE0021DDB2 /* TabBar.swift in Sources */,
			);
			runOnlyForDeploymentPostprocessing = 0;
		};
/* End PBXSourcesBuildPhase section */

/* Begin XCBuildConfiguration section */
		C10481B329406A7E0021DDB2 /* Debug */ = {
			isa = XCBuildConfiguration;
			buildSettings = {
				ALWAYS_SEARCH_USER_PATHS = NO;
				CLANG_ANALYZER_NONNULL = YES;
				CLANG_ANALYZER_NUMBER_OBJECT_CONVERSION = YES_AGGRESSIVE;
				CLANG_CXX_LANGUAGE_STANDARD = "gnu++17";
				CLANG_ENABLE_MODULES = YES;
				CLANG_ENABLE_OBJC_ARC = YES;
				CLANG_ENABLE_OBJC_WEAK = YES;
				CLANG_WARN_BLOCK_CAPTURE_AUTORELEASING = YES;
				CLANG_WARN_BOOL_CONVERSION = YES;
				CLANG_WARN_COMMA = YES;
				CLANG_WARN_CONSTANT_CONVERSION = YES;
				CLANG_WARN_DEPRECATED_OBJC_IMPLEMENTATIONS = YES;
				CLANG_WARN_DIRECT_OBJC_ISA_USAGE = YES_ERROR;
				CLANG_WARN_DOCUMENTATION_COMMENTS = YES;
				CLANG_WARN_EMPTY_BODY = YES;
				CLANG_WARN_ENUM_CONVERSION = YES;
				CLANG_WARN_INFINITE_RECURSION = YES;
				CLANG_WARN_INT_CONVERSION = YES;
				CLANG_WARN_NON_LITERAL_NULL_CONVERSION = YES;
				CLANG_WARN_OBJC_IMPLICIT_RETAIN_SELF = YES;
				CLANG_WARN_OBJC_LITERAL_CONVERSION = YES;
				CLANG_WARN_OBJC_ROOT_CLASS = YES_ERROR;
				CLANG_WARN_QUOTED_INCLUDE_IN_FRAMEWORK_HEADER = YES;
				CLANG_WARN_RANGE_LOOP_ANALYSIS = YES;
				CLANG_WARN_STRICT_PROTOTYPES = YES;
				CLANG_WARN_SUSPICIOUS_MOVE = YES;
				CLANG_WARN_UNGUARDED_AVAILABILITY = YES_AGGRESSIVE;
				CLANG_WARN_UNREACHABLE_CODE = YES;
				CLANG_WARN__DUPLICATE_METHOD_MATCH = YES;
				COPY_PHASE_STRIP = NO;
				DEBUG_INFORMATION_FORMAT = dwarf;
				ENABLE_STRICT_OBJC_MSGSEND = YES;
				ENABLE_TESTABILITY = YES;
				GCC_C_LANGUAGE_STANDARD = gnu11;
				GCC_DYNAMIC_NO_PIC = NO;
				GCC_NO_COMMON_BLOCKS = YES;
				GCC_OPTIMIZATION_LEVEL = 0;
				GCC_PREPROCESSOR_DEFINITIONS = (
					"DEBUG=1",
					"$(inherited)",
				);
				GCC_WARN_64_TO_32_BIT_CONVERSION = YES;
				GCC_WARN_ABOUT_RETURN_TYPE = YES_ERROR;
				GCC_WARN_UNDECLARED_SELECTOR = YES;
				GCC_WARN_UNINITIALIZED_AUTOS = YES_AGGRESSIVE;
				GCC_WARN_UNUSED_FUNCTION = YES;
				GCC_WARN_UNUSED_VARIABLE = YES;
				IPHONEOS_DEPLOYMENT_TARGET = 15.5;
				MTL_ENABLE_DEBUG_INFO = INCLUDE_SOURCE;
				MTL_FAST_MATH = YES;
				ONLY_ACTIVE_ARCH = YES;
				SDKROOT = iphoneos;
				SWIFT_ACTIVE_COMPILATION_CONDITIONS = DEBUG;
				SWIFT_OPTIMIZATION_LEVEL = "-Onone";
			};
			name = Debug;
		};
		C10481B429406A7E0021DDB2 /* Release */ = {
			isa = XCBuildConfiguration;
			buildSettings = {
				ALWAYS_SEARCH_USER_PATHS = NO;
				CLANG_ANALYZER_NONNULL = YES;
				CLANG_ANALYZER_NUMBER_OBJECT_CONVERSION = YES_AGGRESSIVE;
				CLANG_CXX_LANGUAGE_STANDARD = "gnu++17";
				CLANG_ENABLE_MODULES = YES;
				CLANG_ENABLE_OBJC_ARC = YES;
				CLANG_ENABLE_OBJC_WEAK = YES;
				CLANG_WARN_BLOCK_CAPTURE_AUTORELEASING = YES;
				CLANG_WARN_BOOL_CONVERSION = YES;
				CLANG_WARN_COMMA = YES;
				CLANG_WARN_CONSTANT_CONVERSION = YES;
				CLANG_WARN_DEPRECATED_OBJC_IMPLEMENTATIONS = YES;
				CLANG_WARN_DIRECT_OBJC_ISA_USAGE = YES_ERROR;
				CLANG_WARN_DOCUMENTATION_COMMENTS = YES;
				CLANG_WARN_EMPTY_BODY = YES;
				CLANG_WARN_ENUM_CONVERSION = YES;
				CLANG_WARN_INFINITE_RECURSION = YES;
				CLANG_WARN_INT_CONVERSION = YES;
				CLANG_WARN_NON_LITERAL_NULL_CONVERSION = YES;
				CLANG_WARN_OBJC_IMPLICIT_RETAIN_SELF = YES;
				CLANG_WARN_OBJC_LITERAL_CONVERSION = YES;
				CLANG_WARN_OBJC_ROOT_CLASS = YES_ERROR;
				CLANG_WARN_QUOTED_INCLUDE_IN_FRAMEWORK_HEADER = YES;
				CLANG_WARN_RANGE_LOOP_ANALYSIS = YES;
				CLANG_WARN_STRICT_PROTOTYPES = YES;
				CLANG_WARN_SUSPICIOUS_MOVE = YES;
				CLANG_WARN_UNGUARDED_AVAILABILITY = YES_AGGRESSIVE;
				CLANG_WARN_UNREACHABLE_CODE = YES;
				CLANG_WARN__DUPLICATE_METHOD_MATCH = YES;
				COPY_PHASE_STRIP = NO;
				DEBUG_INFORMATION_FORMAT = "dwarf-with-dsym";
				ENABLE_NS_ASSERTIONS = NO;
				ENABLE_STRICT_OBJC_MSGSEND = YES;
				GCC_C_LANGUAGE_STANDARD = gnu11;
				GCC_NO_COMMON_BLOCKS = YES;
				GCC_WARN_64_TO_32_BIT_CONVERSION = YES;
				GCC_WARN_ABOUT_RETURN_TYPE = YES_ERROR;
				GCC_WARN_UNDECLARED_SELECTOR = YES;
				GCC_WARN_UNINITIALIZED_AUTOS = YES_AGGRESSIVE;
				GCC_WARN_UNUSED_FUNCTION = YES;
				GCC_WARN_UNUSED_VARIABLE = YES;
				IPHONEOS_DEPLOYMENT_TARGET = 15.5;
				MTL_ENABLE_DEBUG_INFO = NO;
				MTL_FAST_MATH = YES;
				SDKROOT = iphoneos;
				SWIFT_COMPILATION_MODE = wholemodule;
				SWIFT_OPTIMIZATION_LEVEL = "-O";
				VALIDATE_PRODUCT = YES;
			};
			name = Release;
		};
		C10481B629406A7E0021DDB2 /* Debug */ = {
			isa = XCBuildConfiguration;
			buildSettings = {
				ASSETCATALOG_COMPILER_APPICON_NAME = AppIcon;
				ASSETCATALOG_COMPILER_GLOBAL_ACCENT_COLOR_NAME = AccentColor;
				CODE_SIGN_STYLE = Automatic;
				CURRENT_PROJECT_VERSION = 1;
				DEVELOPMENT_ASSET_PATHS = "\"Mine_Project2/Preview Content\"";
				ENABLE_PREVIEWS = YES;
				GENERATE_INFOPLIST_FILE = YES;
				INFOPLIST_KEY_UIApplicationSceneManifest_Generation = YES;
				INFOPLIST_KEY_UIApplicationSupportsIndirectInputEvents = YES;
				INFOPLIST_KEY_UILaunchScreen_Generation = YES;
				INFOPLIST_KEY_UISupportedInterfaceOrientations_iPad = "UIInterfaceOrientationPortrait UIInterfaceOrientationPortraitUpsideDown UIInterfaceOrientationLandscapeLeft UIInterfaceOrientationLandscapeRight";
				INFOPLIST_KEY_UISupportedInterfaceOrientations_iPhone = "UIInterfaceOrientationPortrait UIInterfaceOrientationLandscapeLeft UIInterfaceOrientationLandscapeRight";
				LD_RUNPATH_SEARCH_PATHS = (
					"$(inherited)",
					"@executable_path/Frameworks",
				);
				MARKETING_VERSION = 1.0;
				PRODUCT_BUNDLE_IDENTIFIER = "com.exame.Mine-Project2";
				PRODUCT_NAME = "$(TARGET_NAME)";
				SWIFT_EMIT_LOC_STRINGS = YES;
				SWIFT_VERSION = 5.0;
				TARGETED_DEVICE_FAMILY = "1,2";
			};
			name = Debug;
		};
		C10481B729406A7E0021DDB2 /* Release */ = {
			isa = XCBuildConfiguration;
			buildSettings = {
				ASSETCATALOG_COMPILER_APPICON_NAME = AppIcon;
				ASSETCATALOG_COMPILER_GLOBAL_ACCENT_COLOR_NAME = AccentColor;
				CODE_SIGN_STYLE = Automatic;
				CURRENT_PROJECT_VERSION = 1;
				DEVELOPMENT_ASSET_PATHS = "\"Mine_Project2/Preview Content\"";
				ENABLE_PREVIEWS = YES;
				GENERATE_INFOPLIST_FILE = YES;
				INFOPLIST_KEY_UIApplicationSceneManifest_Generation = YES;
				INFOPLIST_KEY_UIApplicationSupportsIndirectInputEvents = YES;
				INFOPLIST_KEY_UILaunchScreen_Generation = YES;
				INFOPLIST_KEY_UISupportedInterfaceOrientations_iPad = "UIInterfaceOrientationPortrait UIInterfaceOrientationPortraitUpsideDown UIInterfaceOrientationLandscapeLeft UIInterfaceOrientationLandscapeRight";
				INFOPLIST_KEY_UISupportedInterfaceOrientations_iPhone = "UIInterfaceOrientationPortrait UIInterfaceOrientationLandscapeLeft UIInterfaceOrientationLandscapeRight";
				LD_RUNPATH_SEARCH_PATHS = (
					"$(inherited)",
					"@executable_path/Frameworks",
				);
				MARKETING_VERSION = 1.0;
				PRODUCT_BUNDLE_IDENTIFIER = "com.exame.Mine-Project2";
				PRODUCT_NAME = "$(TARGET_NAME)";
				SWIFT_EMIT_LOC_STRINGS = YES;
				SWIFT_VERSION = 5.0;
				TARGETED_DEVICE_FAMILY = "1,2";
			};
			name = Release;
		};
/* End XCBuildConfiguration section */

/* Begin XCConfigurationList section */
		C10481A229406A7D0021DDB2 /* Build configuration list for PBXProject "Mine_Project2" */ = {
			isa = XCConfigurationList;
			buildConfigurations = (
				C10481B329406A7E0021DDB2 /* Debug */,
				C10481B429406A7E0021DDB2 /* Release */,
			);
			defaultConfigurationIsVisible = 0;
			defaultConfigurationName = Release;
		};
		C10481B529406A7E0021DDB2 /* Build configuration list for PBXNativeTarget "Mine_Project2" */ = {
			isa = XCConfigurationList;
			buildConfigurations = (
				C10481B629406A7E0021DDB2 /* Debug */,
				C10481B729406A7E0021DDB2 /* Release */,
			);
			defaultConfigurationIsVisible = 0;
			defaultConfigurationName = Release;
		};
/* End XCConfigurationList section */
	};
	rootObject = C104819F29406A7D0021DDB2 /* Project object */;
}
